
Microsoft Visual Studio Solution File, Format Version 12.00
# Visual Studio Version 17
VisualStudioVersion = 17.0.31919.166
MinimumVisualStudioVersion = 10.0.40219.1
Project("{9A19103F-16F7-4668-BE54-9A1E7A4F7556}") = "CoreBackpack", "CoreBackpack\CoreBackpack.csproj", "{104C9164-13EA-4F7C-8CC1-F200F36E4929}"
EndProject
Global
	GlobalSection(SolutionConfigurationPlatforms) = preSolution
		Debug|Any CPU = Debug|Any CPU
		Release|Any CPU = Release|Any CPU
	EndGlobalSection
	GlobalSection(ProjectConfigurationPlatforms) = postSolution
		{104C9164-13EA-4F7C-8CC1-F200F36E4929}.Debug|Any CPU.ActiveCfg = Debug|Any CPU
		{104C9164-13EA-4F7C-8CC1-F200F36E4929}.Debug|Any CPU.Build.0 = Debug|Any CPU
		{104C9164-13EA-4F7C-8CC1-F200F36E4929}.Release|Any CPU.ActiveCfg = Release|Any CPU
		{104C9164-13EA-4F7C-8CC1-F200F36E4929}.Release|Any CPU.Build.0 = Release|Any CPU
	EndGlobalSection
	GlobalSection(SolutionProperties) = preSolution
		HideSolutionNode = FALSE
	EndGlobalSection
	GlobalSection(ExtensibilityGlobals) = postSolution
		SolutionGuid = {8089EF54-E0F5-4E81-829B-92FD641BFDA2}
	EndGlobalSection
EndGlobal
